
Microsoft Visual Studio Solution File, Format Version 12.00
# Visual Studio Version 16
VisualStudioVersion = 16.0.31605.320
MinimumVisualStudioVersion = 10.0.40219.1
Project("{FAE04EC0-301F-11D3-BF4B-00C04F79EFBC}") = "BilgeKafe.Data", "BilgeKafe.Data\BilgeKafe.Data.csproj", "{E97EA5F8-CCAE-4CCF-BAED-ED7C90002745}"
EndProject
Project("{FAE04EC0-301F-11D3-BF4B-00C04F79EFBC}") = "BilgeKafe.UI", "BilgeKafe.UI\BilgeKafe.UI.csproj", "{AC2BAF2A-F76E-42C9-8D16-F2D435FBEE28}"
EndProject
Global
	GlobalSection(SolutionConfigurationPlatforms) = preSolution
		Debug|Any CPU = Debug|Any CPU
		Release|Any CPU = Release|Any CPU
	EndGlobalSection
	GlobalSection(ProjectConfigurationPlatforms) = postSolution
		{E97EA5F8-CCAE-4CCF-BAED-ED7C90002745}.Debug|Any CPU.ActiveCfg = Debug|Any CPU
		{E97EA5F8-CCAE-4CCF-BAED-ED7C90002745}.Debug|Any CPU.Build.0 = Debug|Any CPU
		{E97EA5F8-CCAE-4CCF-BAED-ED7C90002745}.Release|Any CPU.ActiveCfg = Release|Any CPU
		{E97EA5F8-CCAE-4CCF-BAED-ED7C90002745}.Release|Any CPU.Build.0 = Release|Any CPU
		{AC2BAF2A-F76E-42C9-8D16-F2D435FBEE28}.Debug|Any CPU.ActiveCfg = Debug|Any CPU
		{AC2BAF2A-F76E-42C9-8D16-F2D435FBEE28}.Debug|Any CPU.Build.0 = Debug|Any CPU
		{AC2BAF2A-F76E-42C9-8D16-F2D435FBEE28}.Release|Any CPU.ActiveCfg = Release|Any CPU
		{AC2BAF2A-F76E-42C9-8D16-F2D435FBEE28}.Release|Any CPU.Build.0 = Release|Any CPU
	EndGlobalSection
	GlobalSection(SolutionProperties) = preSolution
		HideSolutionNode = FALSE
	EndGlobalSection
	GlobalSection(ExtensibilityGlobals) = postSolution
		SolutionGuid = {E662A9F4-230C-42A6-97B6-3961109F37E9}
	EndGlobalSection
EndGlobal
